{
    "_meta": {
        "hash": {
            "sha256": "d476ab9989d5f09df3c9f7fac45b925f2686a9f9bc2d902a2cfdae2eeb4741c0"
        },
        "pipfile-spec": 6,
        "requires": {
            "python_version": "3.9"
        },
        "sources": [
            {
                "name": "pypi",
                "url": "https://pypi.org/simple",
                "verify_ssl": true
            }
        ]
    },
    "default": {
        "py-openaq": {
            "hashes": [
                "sha256:18c50b95ea56e5e7d352a29550ce913dddf6ec739c93dda6f01cfbd6519d2b03"
            ],
            "index": "pypi",
            "version": "==1.1.0"
        }
    },
    "develop": {}
}
